
Microsoft Visual Studio Solution File, Format Version 12.00
# Visual Studio Version 16
VisualStudioVersion = 16.0.31005.135
MinimumVisualStudioVersion = 10.0.40219.1
Project("{9A19103F-16F7-4668-BE54-9A1E7A4F7556}") = "SnackisDB", "SnackisDB\SnackisDB.csproj", "{A026401D-CCF1-48E0-A486-C56B1D48DCEE}"
EndProject
Project("{9A19103F-16F7-4668-BE54-9A1E7A4F7556}") = "SnackisForum", "Forum_GroundUp\SnackisForum.csproj", "{8F2BC432-69B8-41A6-9CF1-1B222DBD2474}"
EndProject
Global
	GlobalSection(SolutionConfigurationPlatforms) = preSolution
		Debug|Any CPU = Debug|Any CPU
		Release|Any CPU = Release|Any CPU
	EndGlobalSection
	GlobalSection(ProjectConfigurationPlatforms) = postSolution
		{A026401D-CCF1-48E0-A486-C56B1D48DCEE}.Debug|Any CPU.ActiveCfg = Debug|Any CPU
		{A026401D-CCF1-48E0-A486-C56B1D48DCEE}.Debug|Any CPU.Build.0 = Debug|Any CPU
		{A026401D-CCF1-48E0-A486-C56B1D48DCEE}.Release|Any CPU.ActiveCfg = Release|Any CPU
		{A026401D-CCF1-48E0-A486-C56B1D48DCEE}.Release|Any CPU.Build.0 = Release|Any CPU
		{8F2BC432-69B8-41A6-9CF1-1B222DBD2474}.Debug|Any CPU.ActiveCfg = Debug|Any CPU
		{8F2BC432-69B8-41A6-9CF1-1B222DBD2474}.Debug|Any CPU.Build.0 = Debug|Any CPU
		{8F2BC432-69B8-41A6-9CF1-1B222DBD2474}.Release|Any CPU.ActiveCfg = Release|Any CPU
		{8F2BC432-69B8-41A6-9CF1-1B222DBD2474}.Release|Any CPU.Build.0 = Release|Any CPU
	EndGlobalSection
	GlobalSection(SolutionProperties) = preSolution
		HideSolutionNode = FALSE
	EndGlobalSection
	GlobalSection(ExtensibilityGlobals) = postSolution
		SolutionGuid = {80EB2C6A-1378-454C-824B-23FC6481DE2A}
	EndGlobalSection
EndGlobal
